lockfileVersion: '6.0'

settings:
  autoInstallPeers: true
  excludeLinksFromLockfile: false

dependencies:
  react:
    specifier: ^18.3.1
    version: 18.3.1
  react-dom:
    specifier: ^18.3.1
    version: 18.3.1(react@18.3.1)

devDependencies:
  '@rsbuild/core':
    specifier: ^0.6.11
    version: 0.6.11
  '@rsbuild/plugin-react':
    specifier: ^0.6.11
    version: 0.6.11(@rsbuild/core@0.6.11)
  '@types/react':
    specifier: ^18.3.1
    version: 18.3.1
  '@types/react-dom':
    specifier: ^18.3.0
    version: 18.3.0
  typescript:
    specifier: ^5.4.2
    version: 5.4.5

packages:

  /@module-federation/runtime-tools@0.1.6:
    resolution: {integrity: sha512-7ILVnzMIa0Dlc0Blck5tVZG1tnk1MmLnuZpLOMpbdW+zl+N6wdMjjHMjEZFCUAJh2E5XJ3BREwfX8Ets0nIkLg==}
    dependencies:
      '@module-federation/runtime': 0.1.6
      '@module-federation/webpack-bundler-runtime': 0.1.6
    dev: true

  /@module-federation/runtime@0.1.6:
    resolution: {integrity: sha512-nj6a+yJ+QxmcE89qmrTl4lphBIoAds0PFPVGnqLRWflwAP88jrCcrrTqRhARegkFDL+wE9AE04+h6jzlbIfMKg==}
    dependencies:
      '@module-federation/sdk': 0.1.6
    dev: true

  /@module-federation/sdk@0.1.6:
    resolution: {integrity: sha512-qifXpyYLM7abUeEOIfv0oTkguZgRZuwh89YOAYIZJlkP6QbRG7DJMQvtM8X2yHXm9PTk0IYNnOJH0vNQCo6auQ==}
    dev: true

  /@module-federation/webpack-bundler-runtime@0.1.6:
    resolution: {integrity: sha512-K5WhKZ4RVNaMEtfHsd/9CNCgGKB0ipbm/tgweNNeC11mEuBTNxJ09Y630vg3WPkKv9vfMCuXg2p2Dk+Q/KWTSA==}
    dependencies:
      '@module-federation/runtime': 0.1.6
      '@module-federation/sdk': 0.1.6
    dev: true

  /@rsbuild/core@0.6.11:
    resolution: {integrity: sha512-dVNWvj40J1060kC+DsY+oti+1ozygDchLXswBTyHjSVIjgJ+ypXwWQIJRlGzGfNcIOtU2zPN6FVphCrzw6ZeJA==}
    engines: {node: '>=16.0.0'}
    hasBin: true
    dependencies:
      '@rsbuild/shared': 0.6.11(@swc/helpers@0.5.3)
      '@rspack/core': 0.6.3(@swc/helpers@0.5.3)
      '@swc/helpers': 0.5.3
      core-js: 3.36.1
      html-webpack-plugin: /html-rspack-plugin@5.7.2(@rspack/core@0.6.3)
      postcss: 8.4.38
    dev: true

  /@rsbuild/plugin-react@0.6.11(@rsbuild/core@0.6.11):
    resolution: {integrity: sha512-GdIc7NQpiZP983czgzt1N3uHYCnKP7Jo8AaDRrtdT1ijKRGd8SDEc3Ov42eJFKjfcd4DGeb0lG8zIn23u0iLlg==}
    peerDependencies:
      '@rsbuild/core': ^0.6.11
    dependencies:
      '@rsbuild/core': 0.6.11
      '@rsbuild/shared': 0.6.11(@swc/helpers@0.5.3)
      '@rspack/plugin-react-refresh': 0.6.3(react-refresh@0.14.2)
      react-refresh: 0.14.2
    transitivePeerDependencies:
      - '@swc/helpers'
    dev: true

  /@rsbuild/shared@0.6.11(@swc/helpers@0.5.3):
    resolution: {integrity: sha512-MVDcwh9vvmpclSwNby37wCYMY9J1xjhoPHwRzz/19tdD7dlKrWh5ARrvUsidIGSvXxarrc0CztCvpvUomQinCQ==}
    dependencies:
      '@rspack/core': 0.6.3(@swc/helpers@0.5.3)
      caniuse-lite: 1.0.30001616
      postcss: 8.4.38
    optionalDependencies:
      fsevents: 2.3.3
    transitivePeerDependencies:
      - '@swc/helpers'
    dev: true

  /@rspack/binding-darwin-arm64@0.6.3:
    resolution: {integrity: sha512-NS6LFwJYjOFIy7mp8FCquox/xCiWuc6a3OQtx+f80c+86uDOiQyix6BJJa3JDdQQ6DmAR3L2eRzV+XVnCzZwNA==}
    cpu: [arm64]
    os: [darwin]
    requiresBuild: true
    dev: true
    optional: true

  /@rspack/binding-darwin-x64@0.6.3:
    resolution: {integrity: sha512-QGhB9+FeqQDc/I6hg5woc0a6XYQoNsCaJ5pAxnhSh4/wSe3IrFtokyqE2SUSwfWjkdNEnKYBC4p6Cc5KbkK7sg==}
    cpu: [x64]
    os: [darwin]
    requiresBuild: true
    dev: true
    optional: true

  /@rspack/binding-linux-arm64-gnu@0.6.3:
    resolution: {integrity: sha512-tZxqV+bCxVyr8Z0skQoSnj7WYjwjuw34wrSUdTFLL6vw7nRgGiOhE2ZcRLa0coNHUPyq6dcWIQPwzg0ToHxLkA==}
    cpu: [arm64]
    os: [linux]
    libc: [glibc]
    requiresBuild: true
    dev: true
    optional: true

  /@rspack/binding-linux-arm64-musl@0.6.3:
    resolution: {integrity: sha512-1cNTLQE9c6CMGhFAuLdI3jYKhGiSiPCMRWb50GuzsfnbLcpnYfwHko7Fn/C/SOjP+xUZf7GlTTgrZssHP9yPrA==}
    cpu: [arm64]
    os: [linux]
    libc: [musl]
    requiresBuild: true
    dev: true
    optional: true

  /@rspack/binding-linux-x64-gnu@0.6.3:
    resolution: {integrity: sha512-/bf9K3k8YNRTtNWbcG66CosIxvd77CIbq7XqPxW1OCsxzcl8nmTI0h1/bxgmiBchiAvNCou8mmP08GEvQXdUdQ==}
    cpu: [x64]
    os: [linux]
    libc: [glibc]
    requiresBuild: true
    dev: true
    optional: true

  /@rspack/binding-linux-x64-musl@0.6.3:
    resolution: {integrity: sha512-816xaFVOI6qs4Np4YrUzoNaTLrsthR63rFqsQgguD3ytVvTpr0nIXT4XrKvGHF2FDEhgpF+FTqyn3M3NIBK/2A==}
    cpu: [x64]
    os: [linux]
    libc: [musl]
    requiresBuild: true
    dev: true
    optional: true

  /@rspack/binding-win32-arm64-msvc@0.6.3:
    resolution: {integrity: sha512-lQg5CzYXI5BxAP+9Kja3yx9Y/xwd4m51xWPXFhjODn8s76LGIhfmbJHh8OG5QhcQACi88aj2hqW8BHFwOWPlsw==}
    cpu: [arm64]
    os: [win32]
    requiresBuild: true
    dev: true
    optional: true

  /@rspack/binding-win32-ia32-msvc@0.6.3:
    resolution: {integrity: sha512-SP/Crwk4Ac7gGgTxNhcrVQQUS6ze7eDvxgf9I/D/UhBU22GfkLPn5HzFxZk/8gJ1iU+cLeMiqa0DdXPx48x46A==}
    cpu: [ia32]
    os: [win32]
    requiresBuild: true
    dev: true
    optional: true

  /@rspack/binding-win32-x64-msvc@0.6.3:
    resolution: {integrity: sha512-QAXxObKzVKQtV60Ig5TlW7h7ZMz3Z2WDiKJJe0qRakYznSzeEuNcaqTmLbYg9PGWOVLMd8WS6uLEmeLEi5TWAA==}
    cpu: [x64]
    os: [win32]
    requiresBuild: true
    dev: true
    optional: true

  /@rspack/binding@0.6.3:
    resolution: {integrity: sha512-F2Ys11Bf87/sI3X1dVT8l7FLGCmQirf8KaTG0FdaObWqnoIeAET0MgP5vohRIy3tqjcmJURyRx2YFc4Btr8ZDQ==}
    optionalDependencies:
      '@rspack/binding-darwin-arm64': 0.6.3
      '@rspack/binding-darwin-x64': 0.6.3
      '@rspack/binding-linux-arm64-gnu': 0.6.3
      '@rspack/binding-linux-arm64-musl': 0.6.3
      '@rspack/binding-linux-x64-gnu': 0.6.3
      '@rspack/binding-linux-x64-musl': 0.6.3
      '@rspack/binding-win32-arm64-msvc': 0.6.3
      '@rspack/binding-win32-ia32-msvc': 0.6.3
      '@rspack/binding-win32-x64-msvc': 0.6.3
    dev: true

  /@rspack/core@0.6.3(@swc/helpers@0.5.3):
    resolution: {integrity: sha512-+KfWUywwhGHxwMVnXQPQkqjN8fedDN/0YcjQktK9qrpQ1FyE+EzFgO3n2wW6g1Ty5uftVVrDRQbpBUHxK/gKUw==}
    engines: {node: '>=16.0.0'}
    peerDependencies:
      '@swc/helpers': '>=0.5.1'
    peerDependenciesMeta:
      '@swc/helpers':
        optional: true
    dependencies:
      '@module-federation/runtime-tools': 0.1.6
      '@rspack/binding': 0.6.3
      '@swc/helpers': 0.5.3
      browserslist: 4.23.0
      enhanced-resolve: 5.12.0
      events: 3.3.0
      graceful-fs: 4.2.10
      json-parse-even-better-errors: 3.0.2
      neo-async: 2.6.2
      tapable: 2.2.1
      watchpack: 2.4.1
      webpack-sources: 3.2.3
      zod: 3.23.6
      zod-validation-error: 1.3.1(zod@3.23.6)
    dev: true

  /@rspack/plugin-react-refresh@0.6.3(react-refresh@0.14.2):
    resolution: {integrity: sha512-/IllQJlB1tXzBkDx/uGVvGRy3E/PXfU8RH4Uaa6Sxrj8Kk2ztIz+Yb1qnj4jjCbGmbYWp/+R0+QWqGROAhId9A==}
    peerDependencies:
      react-refresh: '>=0.10.0 <1.0.0'
    peerDependenciesMeta:
      react-refresh:
        optional: true
    dependencies:
      react-refresh: 0.14.2
    dev: true

  /@swc/helpers@0.5.3:
    resolution: {integrity: sha512-FaruWX6KdudYloq1AHD/4nU+UsMTdNE8CKyrseXWEcgjDAbvkwJg2QGPAnfIJLIWsjZOSPLOAykK6fuYp4vp4A==}
    dependencies:
      tslib: 2.6.2
    dev: true

  /@types/prop-types@15.7.12:
    resolution: {integrity: sha512-5zvhXYtRNRluoE/jAp4GVsSduVUzNWKkOZrCDBWYtE7biZywwdC2AcEzg+cSMLFRfVgeAFqpfNabiPjxFddV1Q==}
    dev: true

  /@types/react-dom@18.3.0:
    resolution: {integrity: sha512-EhwApuTmMBmXuFOikhQLIBUn6uFg81SwLMOAUgodJF14SOBOCMdU04gDoYi0WOJJHD144TL32z4yDqCW3dnkQg==}
    dependencies:
      '@types/react': 18.3.1
    dev: true

  /@types/react@18.3.1:
    resolution: {integrity: sha512-V0kuGBX3+prX+DQ/7r2qsv1NsdfnCLnTgnRJ1pYnxykBhGMz+qj+box5lq7XsO5mtZsBqpjwwTu/7wszPfMBcw==}
    dependencies:
      '@types/prop-types': 15.7.12
      csstype: 3.1.3
    dev: true

  /browserslist@4.23.0:
    resolution: {integrity: sha512-QW8HiM1shhT2GuzkvklfjcKDiWFXHOeFCIA/huJPwHsslwcydgk7X+z2zXpEijP98UCY7HbubZt5J2Zgvf0CaQ==}
    engines: {node: ^6 || ^7 || ^8 || ^9 || ^10 || ^11 || ^12 || >=13.7}
    hasBin: true
    dependencies:
      caniuse-lite: 1.0.30001616
      electron-to-chromium: 1.4.757
      node-releases: 2.0.14
      update-browserslist-db: 1.0.15(browserslist@4.23.0)
    dev: true

  /caniuse-lite@1.0.30001616:
    resolution: {integrity: sha512-RHVYKov7IcdNjVHJFNY/78RdG4oGVjbayxv8u5IO74Wv7Hlq4PnJE6mo/OjFijjVFNy5ijnCt6H3IIo4t+wfEw==}
    dev: true

  /core-js@3.36.1:
    resolution: {integrity: sha512-BTvUrwxVBezj5SZ3f10ImnX2oRByMxql3EimVqMysepbC9EeMUOpLwdy6Eoili2x6E4kf+ZUB5k/+Jv55alPfA==}
    requiresBuild: true
    dev: true

  /csstype@3.1.3:
    resolution: {integrity: sha512-M1uQkMl8rQK/szD0LNhtqxIPLpimGm8sOBwU7lLnCpSbTyY3yeU1Vc7l4KT5zT4s/yOxHH5O7tIuuLOCnLADRw==}
    dev: true

  /electron-to-chromium@1.4.757:
    resolution: {integrity: sha512-jftDaCknYSSt/+KKeXzH3LX5E2CvRLm75P3Hj+J/dv3CL0qUYcOt13d5FN1NiL5IJbbhzHrb3BomeG2tkSlZmw==}
    dev: true

  /enhanced-resolve@5.12.0:
    resolution: {integrity: sha512-QHTXI/sZQmko1cbDoNAa3mJ5qhWUUNAq3vR0/YiD379fWQrcfuoX1+HW2S0MTt7XmoPLapdaDKUtelUSPic7hQ==}
    engines: {node: '>=10.13.0'}
    dependencies:
      graceful-fs: 4.2.10
      tapable: 2.2.1
    dev: true

  /escalade@3.1.2:
    resolution: {integrity: sha512-ErCHMCae19vR8vQGe50xIsVomy19rg6gFu3+r3jkEO46suLMWBksvVyoGgQV+jOfl84ZSOSlmv6Gxa89PmTGmA==}
    engines: {node: '>=6'}
    dev: true

  /events@3.3.0:
    resolution: {integrity: sha512-mQw+2fkQbALzQ7V0MY0IqdnXNOeTtP4r0lN9z7AAawCXgqea7bDii20AYrIBrFd/Hx0M2Ocz6S111CaFkUcb0Q==}
    engines: {node: '>=0.8.x'}
    dev: true

  /fsevents@2.3.3:
    resolution: {integrity: sha512-5xoDfX+fL7faATnagmWPpbFtwh/R77WmMMqqHGS65C3vvB0YHrgF+B1YmZ3441tMj5n63k0212XNoJwzlhffQw==}
    engines: {node: ^8.16.0 || ^10.6.0 || >=11.0.0}
    os: [darwin]
    requiresBuild: true
    dev: true
    optional: true

  /glob-to-regexp@0.4.1:
    resolution: {integrity: sha512-lkX1HJXwyMcprw/5YUZc2s7DrpAiHB21/V+E1rHUrVNokkvB6bqMzT0VfV6/86ZNabt1k14YOIaT7nDvOX3Iiw==}
    dev: true

  /graceful-fs@4.2.10:
    resolution: {integrity: sha512-9ByhssR2fPVsNZj478qUUbKfmL0+t5BDVyjShtyZZLiK7ZDAArFFfopyOTj0M05wE2tJPisA4iTnnXl2YoPvOA==}
    dev: true

  /html-rspack-plugin@5.7.2(@rspack/core@0.6.3):
    resolution: {integrity: sha512-uVXGYq19bcsX7Q/53VqXQjCKXw0eUMHlFGDLTaqzgj/ckverfhZQvXyA6ecFBaF9XUH16jfCTCyALYi0lJcagg==}
    engines: {node: '>=10.13.0'}
    peerDependencies:
      '@rspack/core': 0.x || 1.x
    peerDependenciesMeta:
      '@rspack/core':
        optional: true
    dependencies:
      '@rspack/core': 0.6.3(@swc/helpers@0.5.3)
    dev: true

  /js-tokens@4.0.0:
    resolution: {integrity: sha512-RdJUflcE3cUzKiMqQgsCu06FPu9UdIJO0beYbPhHN4k6apgJtifcoCtT9bcxOpYBtpD2kCM6Sbzg4CausW/PKQ==}
    dev: false

  /json-parse-even-better-errors@3.0.2:
    resolution: {integrity: sha512-fi0NG4bPjCHunUJffmLd0gxssIgkNmArMvis4iNah6Owg1MCJjWhEcDLmsK6iGkJq3tHwbDkTlce70/tmXN4cQ==}
    engines: {node: ^14.17.0 || ^16.13.0 || >=18.0.0}
    dev: true

  /loose-envify@1.4.0:
    resolution: {integrity: sha512-lyuxPGr/Wfhrlem2CL/UcnUc1zcqKAImBDzukY7Y5F/yQiNdko6+fRLevlw1HgMySw7f611UIY408EtxRSoK3Q==}
    hasBin: true
    dependencies:
      js-tokens: 4.0.0
    dev: false

  /nanoid@3.3.7:
    resolution: {integrity: sha512-eSRppjcPIatRIMC1U6UngP8XFcz8MQWGQdt1MTBQ7NaAmvXDfvNxbvWV3x2y6CdEUciCSsDHDQZbhYaB8QEo2g==}
    engines: {node: ^10 || ^12 || ^13.7 || ^14 || >=15.0.1}
    hasBin: true
    dev: true

  /neo-async@2.6.2:
    resolution: {integrity: sha512-Yd3UES5mWCSqR+qNT93S3UoYUkqAZ9lLg8a7g9rimsWmYGK8cVToA4/sF3RrshdyV3sAGMXVUmpMYOw+dLpOuw==}
    dev: true

  /node-releases@2.0.14:
    resolution: {integrity: sha512-y10wOWt8yZpqXmOgRo77WaHEmhYQYGNA6y421PKsKYWEK8aW+cqAphborZDhqfyKrbZEN92CN1X2KbafY2s7Yw==}
    dev: true

  /picocolors@1.0.0:
    resolution: {integrity: sha512-1fygroTLlHu66zi26VoTDv8yRgm0Fccecssto+MhsZ0D/DGW2sm8E8AjW7NU5VVTRt5GxbeZ5qBuJr+HyLYkjQ==}
    dev: true

  /postcss@8.4.38:
    resolution: {integrity: sha512-Wglpdk03BSfXkHoQa3b/oulrotAkwrlLDRSOb9D0bN86FdRyE9lppSp33aHNPgBa0JKCoB+drFLZkQoRRYae5A==}
    engines: {node: ^10 || ^12 || >=14}
    dependencies:
      nanoid: 3.3.7
      picocolors: 1.0.0
      source-map-js: 1.2.0
    dev: true

  /react-dom@18.3.1(react@18.3.1):
    resolution: {integrity: sha512-5m4nQKp+rZRb09LNH59GM4BxTh9251/ylbKIbpe7TpGxfJ+9kv6BLkLBXIjjspbgbnIBNqlI23tRnTWT0snUIw==}
    peerDependencies:
      react: ^18.3.1
    dependencies:
      loose-envify: 1.4.0
      react: 18.3.1
      scheduler: 0.23.2
    dev: false

  /react-refresh@0.14.2:
    resolution: {integrity: sha512-jCvmsr+1IUSMUyzOkRcvnVbX3ZYC6g9TDrDbFuFmRDq7PD4yaGbLKNQL6k2jnArV8hjYxh7hVhAZB6s9HDGpZA==}
    engines: {node: '>=0.10.0'}
    dev: true

  /react@18.3.1:
    resolution: {integrity: sha512-wS+hAgJShR0KhEvPJArfuPVN1+Hz1t0Y6n5jLrGQbkb4urgPE/0Rve+1kMB1v/oWgHgm4WIcV+i7F2pTVj+2iQ==}
    engines: {node: '>=0.10.0'}
    dependencies:
      loose-envify: 1.4.0
    dev: false

  /scheduler@0.23.2:
    resolution: {integrity: sha512-UOShsPwz7NrMUqhR6t0hWjFduvOzbtv7toDH1/hIrfRNIDBnnBWd0CwJTGvTpngVlmwGCdP9/Zl/tVrDqcuYzQ==}
    dependencies:
      loose-envify: 1.4.0
    dev: false

  /source-map-js@1.2.0:
    resolution: {integrity: sha512-itJW8lvSA0TXEphiRoawsCksnlf8SyvmFzIhltqAHluXd88pkCd+cXJVHTDwdCr0IzwptSm035IHQktUu1QUMg==}
    engines: {node: '>=0.10.0'}
    dev: true

  /tapable@2.2.1:
    resolution: {integrity: sha512-GNzQvQTOIP6RyTfE2Qxb8ZVlNmw0n88vp1szwWRimP02mnTsx3Wtn5qRdqY9w2XduFNUgvOwhNnQsjwCp+kqaQ==}
    engines: {node: '>=6'}
    dev: true

  /tslib@2.6.2:
    resolution: {integrity: sha512-AEYxH93jGFPn/a2iVAwW87VuUIkR1FVUKB77NwMF7nBTDkDrrT/Hpt/IrCJ0QXhW27jTBDcf5ZY7w6RiqTMw2Q==}
    dev: true

  /typescript@5.4.5:
    resolution: {integrity: sha512-vcI4UpRgg81oIRUFwR0WSIHKt11nJ7SAVlYNIu+QpqeyXP+gpQJy/Z4+F0aGxSE4MqwjyXvW/TzgkLAx2AGHwQ==}
    engines: {node: '>=14.17'}
    hasBin: true
    dev: true

  /update-browserslist-db@1.0.15(browserslist@4.23.0):
    resolution: {integrity: sha512-K9HWH62x3/EalU1U6sjSZiylm9C8tgq2mSvshZpqc7QE69RaA2qjhkW2HlNA0tFpEbtyFz7HTqbSdN4MSwUodA==}
    hasBin: true
    peerDependencies:
      browserslist: '>= 4.21.0'
    dependencies:
      browserslist: 4.23.0
      escalade: 3.1.2
      picocolors: 1.0.0
    dev: true

  /watchpack@2.4.1:
    resolution: {integrity: sha512-8wrBCMtVhqcXP2Sup1ctSkga6uc2Bx0IIvKyT7yTFier5AXHooSI+QyQQAtTb7+E0IUCCKyTFmXqdqgum2XWGg==}
    engines: {node: '>=10.13.0'}
    dependencies:
      glob-to-regexp: 0.4.1
      graceful-fs: 4.2.10
    dev: true

  /webpack-sources@3.2.3:
    resolution: {integrity: sha512-/DyMEOrDgLKKIG0fmvtz+4dUX/3Ghozwgm6iPp8KRhvn+eQf9+Q7GWxVNMk3+uCPWfdXYC4ExGBckIXdFEfH1w==}
    engines: {node: '>=10.13.0'}
    dev: true

  /zod-validation-error@1.3.1(zod@3.23.6):
    resolution: {integrity: sha512-cNEXpla+tREtNdAnNKY4xKY1SGOn2yzyuZMu4O0RQylX9apRpUjNcPkEc3uHIAr5Ct7LenjZt6RzjEH6+JsqVQ==}
    engines: {node: '>=16.0.0'}
    peerDependencies:
      zod: ^3.18.0
    dependencies:
      zod: 3.23.6
    dev: true

  /zod@3.23.6:
    resolution: {integrity: sha512-RTHJlZhsRbuA8Hmp/iNL7jnfc4nZishjsanDAfEY1QpDQZCahUp3xDzl+zfweE9BklxMUcgBgS1b7Lvie/ZVwA==}
    dev: true
